
Microsoft Visual Studio Solution File, Format Version 12.00
# Visual Studio Version 17
VisualStudioVersion = 17.2.32526.322
MinimumVisualStudioVersion = 10.0.40219.1
Project("{FAE04EC0-301F-11D3-BF4B-00C04F79EFBC}") = "HttpClientDemo", "HttpClientDemo\HttpClientDemo.csproj", "{CA17F5BF-8647-46E7-879F-B56182EA14AC}"
EndProject
Global
	GlobalSection(SolutionConfigurationPlatforms) = preSolution
		Debug|Any CPU = Debug|Any CPU
		Release|Any CPU = Release|Any CPU
	EndGlobalSection
	GlobalSection(ProjectConfigurationPlatforms) = postSolution
		{CA17F5BF-8647-46E7-879F-B56182EA14AC}.Debug|Any CPU.ActiveCfg = Debug|Any CPU
		{CA17F5BF-8647-46E7-879F-B56182EA14AC}.Debug|Any CPU.Build.0 = Debug|Any CPU
		{CA17F5BF-8647-46E7-879F-B56182EA14AC}.Release|Any CPU.ActiveCfg = Release|Any CPU
		{CA17F5BF-8647-46E7-879F-B56182EA14AC}.Release|Any CPU.Build.0 = Release|Any CPU
	EndGlobalSection
	GlobalSection(SolutionProperties) = preSolution
		HideSolutionNode = FALSE
	EndGlobalSection
	GlobalSection(ExtensibilityGlobals) = postSolution
		SolutionGuid = {BA4DECB3-683F-43A3-B614-4D8034ACD289}
	EndGlobalSection
EndGlobal
